{
  "name": "@typegraphql/class-validator",
  "version": "1.0.0-next.0",
  "lockfileVersion": 1,
  "requires": true,
  "dependencies": {
    "@zerollup/ts-transform-paths": {
      "version": "1.7.8",
      "resolved": "https://registry.npmjs.org/@zerollup/ts-transform-paths/-/ts-transform-paths-1.7.8.tgz",
      "integrity": "sha512-xh6KZRF3cD/pYeQypADTh7U9zAU8vgG7PvUT9m20mW8rsiUF69OKDM+9CsR483ceXVh5PC5AHUA/GAvsJ1iVbw==",
      "dev": true,
      "requires": {
        "@zerollup/ts-helpers": "^1.7.4"
      },
      "dependencies": {
        "@zerollup/ts-helpers": {
          "version": "1.7.4",
          "resolved": "https://registry.npmjs.org/@zerollup/ts-helpers/-/ts-helpers-1.7.4.tgz",
          "integrity": "sha512-8JLREeiO6MtmJhU8kw/eNwi+HKlh/K3cMlpH6HVbW53bqhAgTvt8KnIqFh9FMNbCL3QDht35g8VJHVWYkMEt2A==",
          "dev": true,
          "requires": {
            "resolve": "^1.12.0"
          }
        },
        "path-parse": {
          "version": "1.0.6",
          "resolved": "https://registry.npmjs.org/path-parse/-/path-parse-1.0.6.tgz",
          "integrity": "sha512-GSmOT2EbHrINBf9SR7CDELwlJ8AENk3Qn7OikK4nFYAu3Ote2+JYNVvkpAEQm3/TLNEJFD/xZJjzyxg3KBWOzw==",
          "dev": true
        },
        "resolve": {
          "version": "1.13.1",
          "resolved": "https://registry.npmjs.org/resolve/-/resolve-1.13.1.tgz",
          "integrity": "sha512-CxqObCX8K8YtAhOBRg+lrcdn+LK+WYOS8tSjqSFbjtrI5PnS63QPhZl4+yKfrU9tdsbMu9Anr/amegT87M9Z6w==",
          "dev": true,
          "requires": {
            "path-parse": "^1.0.6"
          }
        }
      }
    }
  }
}
